
Microsoft Visual Studio Solution File, Format Version 12.00
# Visual Studio Version 17
VisualStudioVersion = 17.11.35303.130
MinimumVisualStudioVersion = 10.0.40219.1
Project("{FAE04EC0-301F-11D3-BF4B-00C04F79EFBC}") = "RaczdanielOrszagok", "RaczdanielOrszagok\RaczdanielOrszagok.csproj", "{5C9EB5AA-6905-405C-8E86-8F9A2C09454E}"
EndProject
Global
	GlobalSection(SolutionConfigurationPlatforms) = preSolution
		Debug|Any CPU = Debug|Any CPU
		Release|Any CPU = Release|Any CPU
	EndGlobalSection
	GlobalSection(ProjectConfigurationPlatforms) = postSolution
		{5C9EB5AA-6905-405C-8E86-8F9A2C09454E}.Debug|Any CPU.ActiveCfg = Debug|Any CPU
		{5C9EB5AA-6905-405C-8E86-8F9A2C09454E}.Debug|Any CPU.Build.0 = Debug|Any CPU
		{5C9EB5AA-6905-405C-8E86-8F9A2C09454E}.Release|Any CPU.ActiveCfg = Release|Any CPU
		{5C9EB5AA-6905-405C-8E86-8F9A2C09454E}.Release|Any CPU.Build.0 = Release|Any CPU
	EndGlobalSection
	GlobalSection(SolutionProperties) = preSolution
		HideSolutionNode = FALSE
	EndGlobalSection
	GlobalSection(ExtensibilityGlobals) = postSolution
		SolutionGuid = {11E162E9-8B21-4894-B4A9-2A4DF8EC9F23}
	EndGlobalSection
EndGlobal
